version = 1
revision = 3
requires-python = ">=3.13"
resolution-markers = [
    "python_full_version >= '3.14'",
    "python_full_version < '3.14'",
]

[[package]]
name = "beautifulsoup4"
version = "4.13.3"
source = { registry = "https://pypi.org/simple" }
dependencies = [
    { name = "soupsieve" },
    { name = "typing-extensions" },
]
sdist = { url = "https://files.pythonhosted.org/packages/f0/3c/adaf39ce1fb4afdd21b611e3d530b183bb7759c9b673d60db0e347fd4439/beautifulsoup4-4.13.3.tar.gz", hash = "sha256:1bd32405dacc920b42b83ba01644747ed77456a65760e285fbc47633ceddaf8b", size = 619516, upload-time = "2025-02-04T20:05:01.681Z" }
wheels = [
    { url = "https://files.pythonhosted.org/packages/f9/49/6abb616eb3cbab6a7cca303dc02fdf3836de2e0b834bf966a7f5271a34d8/beautifulsoup4-4.13.3-py3-none-any.whl", hash = "sha256:99045d7d3f08f91f0d656bc9b7efbae189426cd913d830294a15eefa0ea4df16", size = 186015, upload-time = "2025-02-04T20:05:03.729Z" },
]

[[package]]
name = "big0-dev-github-io"
version = "0.1.0"
source = { virtual = "." }
dependencies = [
    { name = "bs4" },
    { name = "jinja2" },
    { name = "markdown" },
    { name = "minify-html" },
    { name = "pyyaml" },
    { name = "rcssmin" },
]

[package.metadata]
requires-dist = [
    { name = "bs4", specifier = ">=0.0.2" },
    { name = "jinja2", specifier = ">=3.1.6" },
    { name = "markdown", specifier = ">=3.7" },
    { name = "minify-html", specifier = ">=0.16.4" },
    { name = "pyyaml", specifier = ">=6.0.2" },
    { name = "rcssmin", specifier = ">=1.2.1" },
]

[[package]]
name = "bs4"
version = "0.0.2"
source = { registry = "https://pypi.org/simple" }
dependencies = [
    { name = "beautifulsoup4" },
]
sdist = { url = "https://files.pythonhosted.org/packages/c9/aa/4acaf814ff901145da37332e05bb510452ebed97bc9602695059dd46ef39/bs4-0.0.2.tar.gz", hash = "sha256:a48685c58f50fe127722417bae83fe6badf500d54b55f7e39ffe43b798653925", size = 698, upload-time = "2024-01-17T18:15:47.371Z" }
wheels = [
    { url = "https://files.pythonhosted.org/packages/51/bb/bf7aab772a159614954d84aa832c129624ba6c32faa559dfb200a534e50b/bs4-0.0.2-py2.py3-none-any.whl", hash = "sha256:abf8742c0805ef7f662dce4b51cca104cffe52b835238afc169142ab9b3fbccc", size = 1189, upload-time = "2024-01-17T18:15:48.613Z" },
]

[[package]]
name = "jinja2"
version = "3.1.6"
source = { registry = "https://pypi.org/simple" }
dependencies = [
    { name = "markupsafe" },
]
sdist = { url = "https://files.pythonhosted.org/packages/df/bf/f7da0350254c0ed7c72f3e33cef02e048281fec7ecec5f032d4aac52226b/jinja2-3.1.6.tar.gz", hash = "sha256:0137fb05990d35f1275a587e9aee6d56da821fc83491a0fb838183be43f66d6d", size = 245115, upload-time = "2025-03-05T20:05:02.478Z" }
wheels = [
    { url = "https://files.pythonhosted.org/packages/62/a1/3d680cbfd5f4b8f15abc1d571870c5fc3e594bb582bc3b64ea099db13e56/jinja2-3.1.6-py3-none-any.whl", hash = "sha256:85ece4451f492d0c13c5dd7c13a64681a86afae63a5f347908daf103ce6d2f67", size = 134899, upload-time = "2025-03-05T20:05:00.369Z" },
]

[[package]]
name = "markdown"
version = "3.7"
source = { registry = "https://pypi.org/simple" }
sdist = { url = "https://files.pythonhosted.org/packages/54/28/3af612670f82f4c056911fbbbb42760255801b3068c48de792d354ff4472/markdown-3.7.tar.gz", hash = "sha256:2ae2471477cfd02dbbf038d5d9bc226d40def84b4fe2986e49b59b6b472bbed2", size = 357086, upload-time = "2024-08-16T15:55:17.812Z" }
wheels = [
    { url = "https://files.pythonhosted.org/packages/3f/08/83871f3c50fc983b88547c196d11cf8c3340e37c32d2e9d6152abe2c61f7/Markdown-3.7-py3-none-any.whl", hash = "sha256:7eb6df5690b81a1d7942992c97fad2938e956e79df20cbc6186e9c3a77b1c803", size = 106349, upload-time = "2024-08-16T15:55:16.176Z" },
]

[[package]]
name = "markupsafe"
version = "3.0.2"
source = { registry = "https://pypi.org/simple" }
sdist = { url = "https://files.pythonhosted.org/packages/b2/97/5d42485e71dfc078108a86d6de8fa46db44a1a9295e89c5d6d4a06e23a62/markupsafe-3.0.2.tar.gz", hash = "sha256:ee55d3edf80167e48ea11a923c7386f4669df67d7994554387f84e7d8b0a2bf0", size = 20537, upload-time = "2024-10-18T15:21:54.129Z" }
wheels = [
    { url = "https://files.pythonhosted.org/packages/83/0e/67eb10a7ecc77a0c2bbe2b0235765b98d164d81600746914bebada795e97/MarkupSafe-3.0.2-cp313-cp313-macosx_10_13_universal2.whl", hash = "sha256:ba9527cdd4c926ed0760bc301f6728ef34d841f405abf9d4f959c478421e4efd", size = 14274, upload-time = "2024-10-18T15:21:24.577Z" },
    { url = "https://files.pythonhosted.org/packages/2b/6d/9409f3684d3335375d04e5f05744dfe7e9f120062c9857df4ab490a1031a/MarkupSafe-3.0.2-cp313-cp313-macosx_11_0_arm64.whl", hash = "sha256:f8b3d067f2e40fe93e1ccdd6b2e1d16c43140e76f02fb1319a05cf2b79d99430", size = 12352, upload-time = "2024-10-18T15:21:25.382Z" },
    { url = "https://files.pythonhosted.org/packages/d2/f5/6eadfcd3885ea85fe2a7c128315cc1bb7241e1987443d78c8fe712d03091/MarkupSafe-3.0.2-cp313-cp313-manylinux_2_17_aarch64.manylinux2014_aarch64.whl", hash = "sha256:569511d3b58c8791ab4c2e1285575265991e6d8f8700c7be0e88f86cb0672094", size = 24122, upload-time = "2024-10-18T15:21:26.199Z" },
    { url = "https://files.pythonhosted.org/packages/0c/91/96cf928db8236f1bfab6ce15ad070dfdd02ed88261c2afafd4b43575e9e9/MarkupSafe-3.0.2-cp313-cp313-manylinux_2_17_x86_64.manylinux2014_x86_64.whl", hash = "sha256:15ab75ef81add55874e7ab7055e9c397312385bd9ced94920f2802310c930396", size = 23085, upload-time = "2024-10-18T15:21:27.029Z" },
    { url = "https://files.pythonhosted.org/packages/c2/cf/c9d56af24d56ea04daae7ac0940232d31d5a8354f2b457c6d856b2057d69/MarkupSafe-3.0.2-cp313-cp313-manylinux_2_5_i686.manylinux1_i686.manylinux_2_17_i686.manylinux2014_i686.whl", hash = "sha256:f3818cb119498c0678015754eba762e0d61e5b52d34c8b13d770f0719f7b1d79", size = 22978, upload-time = "2024-10-18T15:21:27.846Z" },
    { url = "https://files.pythonhosted.org/packages/2a/9f/8619835cd6a711d6272d62abb78c033bda638fdc54c4e7f4272cf1c0962b/MarkupSafe-3.0.2-cp313-cp313-musllinux_1_2_aarch64.whl", hash = "sha256:cdb82a876c47801bb54a690c5ae105a46b392ac6099881cdfb9f6e95e4014c6a", size = 24208, upload-time = "2024-10-18T15:21:28.744Z" },
    { url = "https://files.pythonhosted.org/packages/f9/bf/176950a1792b2cd2102b8ffeb5133e1ed984547b75db47c25a67d3359f77/MarkupSafe-3.0.2-cp313-cp313-musllinux_1_2_i686.whl", hash = "sha256:cabc348d87e913db6ab4aa100f01b08f481097838bdddf7c7a84b7575b7309ca", size = 23357, upload-time = "2024-10-18T15:21:29.545Z" },
    { url = "https://files.pythonhosted.org/packages/ce/4f/9a02c1d335caabe5c4efb90e1b6e8ee944aa245c1aaaab8e8a618987d816/MarkupSafe-3.0.2-cp313-cp313-musllinux_1_2_x86_64.whl", hash = "sha256:444dcda765c8a838eaae23112db52f1efaf750daddb2d9ca300bcae1039adc5c", size = 23344, upload-time = "2024-10-18T15:21:30.366Z" },
    { url = "https://files.pythonhosted.org/packages/ee/55/c271b57db36f748f0e04a759ace9f8f759ccf22b4960c270c78a394f58be/MarkupSafe-3.0.2-cp313-cp313-win32.whl", hash = "sha256:bcf3e58998965654fdaff38e58584d8937aa3096ab5354d493c77d1fdd66d7a1", size = 15101, upload-time = "2024-10-18T15:21:31.207Z" },
    { url = "https://files.pythonhosted.org/packages/29/88/07df22d2dd4df40aba9f3e402e6dc1b8ee86297dddbad4872bd5e7b0094f/MarkupSafe-3.0.2-cp313-cp313-win_amd64.whl", hash = "sha256:e6a2a455bd412959b57a172ce6328d2dd1f01cb2135efda2e4576e8a23fa3b0f", size = 15603, upload-time = "2024-10-18T15:21:32.032Z" },
    { url = "https://files.pythonhosted.org/packages/62/6a/8b89d24db2d32d433dffcd6a8779159da109842434f1dd2f6e71f32f738c/MarkupSafe-3.0.2-cp313-cp313t-macosx_10_13_universal2.whl", hash = "sha256:b5a6b3ada725cea8a5e634536b1b01c30bcdcd7f9c6fff4151548d5bf6b3a36c", size = 14510, upload-time = "2024-10-18T15:21:33.625Z" },
    { url = "https://files.pythonhosted.org/packages/7a/06/a10f955f70a2e5a9bf78d11a161029d278eeacbd35ef806c3fd17b13060d/MarkupSafe-3.0.2-cp313-cp313t-macosx_11_0_arm64.whl", hash = "sha256:a904af0a6162c73e3edcb969eeeb53a63ceeb5d8cf642fade7d39e7963a22ddb", size = 12486, upload-time = "2024-10-18T15:21:34.611Z" },
    { url = "https://files.pythonhosted.org/packages/34/cf/65d4a571869a1a9078198ca28f39fba5fbb910f952f9dbc5220afff9f5e6/MarkupSafe-3.0.2-cp313-cp313t-manylinux_2_17_aarch64.manylinux2014_aarch64.whl", hash = "sha256:4aa4e5faecf353ed117801a068ebab7b7e09ffb6e1d5e412dc852e0da018126c", size = 25480, upload-time = "2024-10-18T15:21:35.398Z" },
    { url = "https://files.pythonhosted.org/packages/0c/e3/90e9651924c430b885468b56b3d597cabf6d72be4b24a0acd1fa0e12af67/MarkupSafe-3.0.2-cp313-cp313t-manylinux_2_17_x86_64.manylinux2014_x86_64.whl", hash = "sha256:c0ef13eaeee5b615fb07c9a7dadb38eac06a0608b41570d8ade51c56539e509d", size = 23914, upload-time = "2024-10-18T15:21:36.231Z" },
    { url = "https://files.pythonhosted.org/packages/66/8c/6c7cf61f95d63bb866db39085150df1f2a5bd3335298f14a66b48e92659c/MarkupSafe-3.0.2-cp313-cp313t-manylinux_2_5_i686.manylinux1_i686.manylinux_2_17_i686.manylinux2014_i686.whl", hash = "sha256:d16a81a06776313e817c951135cf7340a3e91e8c1ff2fac444cfd75fffa04afe", size = 23796, upload-time = "2024-10-18T15:21:37.073Z" },
    { url = "https://files.pythonhosted.org/packages/bb/35/cbe9238ec3f47ac9a7c8b3df7a808e7cb50fe149dc7039f5f454b3fba218/MarkupSafe-3.0.2-cp313-cp313t-musllinux_1_2_aarch64.whl", hash = "sha256:6381026f158fdb7c72a168278597a5e3a5222e83ea18f543112b2662a9b699c5", size = 25473, upload-time = "2024-10-18T15:21:37.932Z" },
    { url = "https://files.pythonhosted.org/packages/e6/32/7621a4382488aa283cc05e8984a9c219abad3bca087be9ec77e89939ded9/MarkupSafe-3.0.2-cp313-cp313t-musllinux_1_2_i686.whl", hash = "sha256:3d79d162e7be8f996986c064d1c7c817f6df3a77fe3d6859f6f9e7be4b8c213a", size = 24114, upload-time = "2024-10-18T15:21:39.799Z" },
    { url = "https://files.pythonhosted.org/packages/0d/80/0985960e4b89922cb5a0bac0ed39c5b96cbc1a536a99f30e8c220a996ed9/MarkupSafe-3.0.2-cp313-cp313t-musllinux_1_2_x86_64.whl", hash = "sha256:131a3c7689c85f5ad20f9f6fb1b866f402c445b220c19fe4308c0b147ccd2ad9", size = 24098, upload-time = "2024-10-18T15:21:40.813Z" },
    { url = "https://files.pythonhosted.org/packages/82/78/fedb03c7d5380df2427038ec8d973587e90561b2d90cd472ce9254cf348b/MarkupSafe-3.0.2-cp313-cp313t-win32.whl", hash = "sha256:ba8062ed2cf21c07a9e295d5b8a2a5ce678b913b45fdf68c32d95d6c1291e0b6", size = 15208, upload-time = "2024-10-18T15:21:41.814Z" },
    { url = "https://files.pythonhosted.org/packages/4f/65/6079a46068dfceaeabb5dcad6d674f5f5c61a6fa5673746f42a9f4c233b3/MarkupSafe-3.0.2-cp313-cp313t-win_amd64.whl", hash = "sha256:e444a31f8db13eb18ada366ab3cf45fd4b31e4db1236a4448f68778c1d1a5a2f", size = 15739, upload-time = "2024-10-18T15:21:42.784Z" },
]

[[package]]
name = "minify-html"
version = "0.18.1"
source = { registry = "https://pypi.org/simple" }
sdist = { url = "https://files.pythonhosted.org/packages/77/b7/83dc18bef0cd6f4268d1a63dd682730d3c1150d77a973a34c8de63610bdc/minify_html-0.18.1.tar.gz", hash = "sha256:43998530ef537701f003a8e908b756d78eff303c86b041a95855e290518ba79c", size = 96577, upload-time = "2025-10-25T22:27:18.801Z" }
wheels = [
    { url = "https://files.pythonhosted.org/packages/bd/c4/d718d624832721c1714eb0090d9913bb63492d2c7a109162812374a8b8d8/minify_html-0.18.1-cp313-cp313-macosx_10_12_x86_64.whl", hash = "sha256:d476ad2a54055d71bb7a94e1c1fad1e8e53f0b33a91cf800d8df4ebbce1d7dd9", size = 3061221, upload-time = "2025-10-25T22:44:03.283Z" },
    { url = "https://files.pythonhosted.org/packages/43/f0/f2aa69a6a9e9d9010afff2aae07734a534de4e2246a114e53f141dd83883/minify_html-0.18.1-cp313-cp313-macosx_11_0_arm64.whl", hash = "sha256:21790c2e578918f390aeebc865c94bd2f50eb790e27cc61d4e7725501b551250", size = 2828172, upload-time = "2025-10-25T23:18:11.743Z" },
    { url = "https://files.pythonhosted.org/packages/2f/59/5aa912eee1860895a016dc2e93fe8522fcf10590f12dc6a50c790b3997ed/minify_html-0.18.1-cp313-cp313-manylinux_2_17_aarch64.manylinux2014_aarch64.whl", hash = "sha256:00f407d32f3f8369901f0e6c92610f351f69dacf4ed594d373924f54fbf01ded", size = 2900261, upload-time = "2025-10-25T22:27:50.473Z" },
    { url = "https://files.pythonhosted.org/packages/4f/e2/8520c2f183084752174a7a4528b604748c4f7353496bce5fbe96b760c79e/minify_html-0.18.1-cp313-cp313-manylinux_2_17_x86_64.manylinux2014_x86_64.whl", hash = "sha256:c952a8f9e5a6403611b338b75bbf9469cf4ce04f15426a9ef9da87456fd55bd6", size = 3082847, upload-time = "2025-10-25T22:30:48.972Z" },
    { url = "https://files.pythonhosted.org/packages/fd/c0/ed804ea3722cdc828518556e9b40ea21230e0ccc8d326bacb8b98f90004f/minify_html-0.18.1-cp313-cp313-musllinux_1_1_aarch64.whl", hash = "sha256:0e1592a4efc56848129d60f95bdcf79e32e1cce045aa004ab57233b7b16e126f", size = 3082149, upload-time = "2025-10-25T22:31:14.339Z" },
    { url = "https://files.pythonhosted.org/packages/55/4f/dc937c47aab7d7b692a916bd85b90830244c0b17a988bde019063a832b11/minify_html-0.18.1-cp313-cp313-musllinux_1_1_x86_64.whl", hash = "sha256:a0e557e7e43b233b5416cd0b0874ac369ce168f2024f7199925350f5bc09af15", size = 3327698, upload-time = "2025-10-25T22:27:16.688Z" },
    { url = "https://files.pythonhosted.org/packages/aa/22/59c7751f8b029dee05b3b46c3b21f1fe4bb1fa9450176533d92da823bb5e/minify_html-0.18.1-cp313-cp313-win_amd64.whl", hash = "sha256:f8fca598b171ee603b8ed399bedd2de00d202cfcb0e98feadb21deb11d5d669b", size = 3116928, upload-time = "2025-10-25T22:37:01.598Z" },
    { url = "https://files.pythonhosted.org/packages/91/a4/61b966701e1d5fb06a7564d17ac53cc5990b083649748a249833e73d3d6a/minify_html-0.18.1-cp314-cp314-macosx_10_12_x86_64.whl", hash = "sha256:e34af8574ed701555561fcc29d14ff6e8969df5281d51b62cdf556ca0ca7a56e", size = 3061250, upload-time = "2025-10-25T23:04:30.374Z" },
    { url = "https://files.pythonhosted.org/packages/40/14/ee02ac4f89afa8b888d5fe36c2f6261831b0bb191d3579b68286a9ef6364/minify_html-0.18.1-cp314-cp314-macosx_11_0_arm64.whl", hash = "sha256:e93301610f6c78ff83cf9d556d779ed4dee1c8aadf45a12dc4b40cebbe477a2e", size = 2828096, upload-time = "2025-10-25T22:55:15.804Z" },
    { url = "https://files.pythonhosted.org/packages/5a/d9/5e34d74abadf89e40caf5f06e9b52b49d96da1bff437b1f2f05aa454c665/minify_html-0.18.1-cp314-cp314-manylinux_2_17_aarch64.manylinux2014_aarch64.whl", hash = "sha256:0f3f167339638f26af34a56027b24e7e2daa03670b84a1ba661975d6d4536481", size = 2900061, upload-time = "2025-10-25T22:27:53.055Z" },
    { url = "https://files.pythonhosted.org/packages/4d/b9/45023457cd150be87fa6893e4e524929f36a46a1de92b7ce95d40e685e0d/minify_html-0.18.1-cp314-cp314-manylinux_2_17_x86_64.manylinux2014_x86_64.whl", hash = "sha256:e862f89f1493c17fe74d8c7a75bbd480aa7784bbf47ec396d9db4871101f94e4", size = 3082816, upload-time = "2025-10-25T22:27:26.023Z" },
    { url = "https://files.pythonhosted.org/packages/a7/42/c5015b02b5ee8b8194870f3beace2b14ac0e197d754e43f0973a36a3c6df/minify_html-0.18.1-cp314-cp314-musllinux_1_1_aarch64.whl", hash = "sha256:045dd5640e988cc385d350e224e13f609a606a6cf9fa5f5011a1d860d4ebe607", size = 3082224, upload-time = "2025-10-25T22:30:42.538Z" },
    { url = "https://files.pythonhosted.org/packages/6a/04/cf74fd1f980c42068d229e9657415b008b3a65504fb2fa22b09cdf579e88/minify_html-0.18.1-cp314-cp314-musllinux_1_1_x86_64.whl", hash = "sha256:3a11a926b2c236f527d8295b7f6e20c41728bdf870732273e2471e8c693f6109", size = 3327448, upload-time = "2025-10-25T22:30:55.968Z" },
    { url = "https://files.pythonhosted.org/packages/67/22/35ed1e1f733573de2988924bebc7a6e7b37027e37e43e8a3ac35e00fd960/minify_html-0.18.1-cp314-cp314-win_amd64.whl", hash = "sha256:41f46915ce2634dd70138488a96d6b36e8b8cc2c2ee2953d89c525658394500a", size = 3116545, upload-time = "2025-10-25T22:36:25.166Z" },
]

[[package]]
name = "pyyaml"
version = "6.0.2"
source = { registry = "https://pypi.org/simple" }
sdist = { url = "https://files.pythonhosted.org/packages/54/ed/79a089b6be93607fa5cdaedf301d7dfb23af5f25c398d5ead2525b063e17/pyyaml-6.0.2.tar.gz", hash = "sha256:d584d9ec91ad65861cc08d42e834324ef890a082e591037abe114850ff7bbc3e", size = 130631, upload-time = "2024-08-06T20:33:50.674Z" }
wheels = [
    { url = "https://files.pythonhosted.org/packages/ef/e3/3af305b830494fa85d95f6d95ef7fa73f2ee1cc8ef5b495c7c3269fb835f/PyYAML-6.0.2-cp313-cp313-macosx_10_13_x86_64.whl", hash = "sha256:efdca5630322a10774e8e98e1af481aad470dd62c3170801852d752aa7a783ba", size = 181309, upload-time = "2024-08-06T20:32:43.4Z" },
    { url = "https://files.pythonhosted.org/packages/45/9f/3b1c20a0b7a3200524eb0076cc027a970d320bd3a6592873c85c92a08731/PyYAML-6.0.2-cp313-cp313-macosx_11_0_arm64.whl", hash = "sha256:50187695423ffe49e2deacb8cd10510bc361faac997de9efef88badc3bb9e2d1", size = 171679, upload-time = "2024-08-06T20:32:44.801Z" },
    { url = "https://files.pythonhosted.org/packages/7c/9a/337322f27005c33bcb656c655fa78325b730324c78620e8328ae28b64d0c/PyYAML-6.0.2-cp313-cp313-manylinux_2_17_aarch64.manylinux2014_aarch64.whl", hash = "sha256:0ffe8360bab4910ef1b9e87fb812d8bc0a308b0d0eef8c8f44e0254ab3b07133", size = 733428, upload-time = "2024-08-06T20:32:46.432Z" },
    { url = "https://files.pythonhosted.org/packages/a3/69/864fbe19e6c18ea3cc196cbe5d392175b4cf3d5d0ac1403ec3f2d237ebb5/PyYAML-6.0.2-cp313-cp313-manylinux_2_17_s390x.manylinux2014_s390x.whl", hash = "sha256:17e311b6c678207928d649faa7cb0d7b4c26a0ba73d41e99c4fff6b6c3276484", size = 763361, upload-time = "2024-08-06T20:32:51.188Z" },
    { url = "https://files.pythonhosted.org/packages/04/24/b7721e4845c2f162d26f50521b825fb061bc0a5afcf9a386840f23ea19fa/PyYAML-6.0.2-cp313-cp313-manylinux_2_17_x86_64.manylinux2014_x86_64.whl", hash = "sha256:70b189594dbe54f75ab3a1acec5f1e3faa7e8cf2f1e08d9b561cb41b845f69d5", size = 759523, upload-time = "2024-08-06T20:32:53.019Z" },
    { url = "https://files.pythonhosted.org/packages/2b/b2/e3234f59ba06559c6ff63c4e10baea10e5e7df868092bf9ab40e5b9c56b6/PyYAML-6.0.2-cp313-cp313-musllinux_1_1_aarch64.whl", hash = "sha256:41e4e3953a79407c794916fa277a82531dd93aad34e29c2a514c2c0c5fe971cc", size = 726660, upload-time = "2024-08-06T20:32:54.708Z" },
    { url = "https://files.pythonhosted.org/packages/fe/0f/25911a9f080464c59fab9027482f822b86bf0608957a5fcc6eaac85aa515/PyYAML-6.0.2-cp313-cp313-musllinux_1_1_x86_64.whl", hash = "sha256:68ccc6023a3400877818152ad9a1033e3db8625d899c72eacb5a668902e4d652", size = 751597, upload-time = "2024-08-06T20:32:56.985Z" },
    { url = "https://files.pythonhosted.org/packages/14/0d/e2c3b43bbce3cf6bd97c840b46088a3031085179e596d4929729d8d68270/PyYAML-6.0.2-cp313-cp313-win32.whl", hash = "sha256:bc2fa7c6b47d6bc618dd7fb02ef6fdedb1090ec036abab80d4681424b84c1183", size = 140527, upload-time = "2024-08-06T20:33:03.001Z" },
    { url = "https://files.pythonhosted.org/packages/fa/de/02b54f42487e3d3c6efb3f89428677074ca7bf43aae402517bc7cca949f3/PyYAML-6.0.2-cp313-cp313-win_amd64.whl", hash = "sha256:8388ee1976c416731879ac16da0aff3f63b286ffdd57cdeb95f3f2e085687563", size = 156446, upload-time = "2024-08-06T20:33:04.33Z" },
]

[[package]]
name = "rcssmin"
version = "1.2.2"
source = { registry = "https://pypi.org/simple" }
sdist = { url = "https://files.pythonhosted.org/packages/81/af/c9654b4f9b054ec163ed7cb20d8db0e5ae05e2e9ce99a4c11d91a2180b3f/rcssmin-1.2.2.tar.gz", hash = "sha256:806986eaf7414545edc28a1d29523e9560e49e151ff4a337d9d1f0271d6e1cc4", size = 587012, upload-time = "2025-10-12T10:48:08.932Z" }
wheels = [
    { url = "https://files.pythonhosted.org/packages/8b/ae/3a7911e1c773f3deb039a42588ae6cee59d6bcec07b5081db376677b293a/rcssmin-1.2.2-cp313-cp313-manylinux1_i686.whl", hash = "sha256:e91449b612a08e5e80df3487e941c86e2c73c5088169588c31c382eb94da0521", size = 48764, upload-time = "2025-10-12T10:48:37.45Z" },
    { url = "https://files.pythonhosted.org/packages/30/a7/6d311986d76da0a538bae3f584d2b7579dd11648e74f539b177d8af51f6b/rcssmin-1.2.2-cp313-cp313-manylinux1_x86_64.whl", hash = "sha256:20a32c49d65b65c3ac80305d8a31b98f3d92b1b052dd63b57fbebc7003f9ae38", size = 49175, upload-time = "2025-10-12T10:48:39.601Z" },
    { url = "https://files.pythonhosted.org/packages/f2/9b/ceb12f3397695d075a1f3e12e295d84f021562540a6579144cb985d80ccb/rcssmin-1.2.2-cp313-cp313-manylinux2014_aarch64.whl", hash = "sha256:cd0a5ca4a0fc3b193ab0dcd251bd2463900558108cc4306a5cc4ab77c6bfffde", size = 50675, upload-time = "2025-10-12T10:48:40.664Z" },
    { url = "https://files.pythonhosted.org/packages/3b/8c/efb41baaea20567fa0c335705bff1f187e35301b684891d26282a16aff1b/rcssmin-1.2.2-cp313-cp313-musllinux_1_1_aarch64.whl", hash = "sha256:2b008aa77a92f9db2d88f7e7ab45b81f37253cb0baafda59dd5b857c2de9b09f", size = 52999, upload-time = "2025-10-12T10:48:41.749Z" },
    { url = "https://files.pythonhosted.org/packages/4d/f6/cf692cca8837375fd21bf31cd134e10684fc11283a68c04160619aa826dc/rcssmin-1.2.2-cp313-cp313-musllinux_1_1_i686.whl", hash = "sha256:b3843e0501fa45d7c911dd7b3b78fd5f51c8159dd36d780ee12060da2d526aa0", size = 52752, upload-time = "2025-10-12T10:48:42.823Z" },
    { url = "https://files.pythonhosted.org/packages/8d/fa/5b0f1df380f598a397414dfaba74b05901379918f4d6b1746462190ae011/rcssmin-1.2.2-cp313-cp313-musllinux_1_1_x86_64.whl", hash = "sha256:bb75b0e412a5419d62f39d89d0b3920a6697d2b12c8dad57f8bde1c76332c640", size = 52994, upload-time = "2025-10-12T10:48:44.023Z" },
    { url = "https://files.pythonhosted.org/packages/16/df/7157985ff9e2f3fecb15b03370ee0c8de42fd5a07c4b54e0be2c0f3f8133/rcssmin-1.2.2-cp313-cp313t-manylinux1_i686.whl", hash = "sha256:dd192a876a7af9a14628ff20818df80187294db96d86ddccf72371a6ae3e7ce7", size = 51314, upload-time = "2025-10-12T10:48:45.569Z" },
    { url = "https://files.pythonhosted.org/packages/56/d5/e6c176b8d39faf0fac3a6896022febb00d0ac5c4b99d4924572c579af210/rcssmin-1.2.2-cp313-cp313t-manylinux1_x86_64.whl", hash = "sha256:5724ed426c1444c35584f0bcda43c81ac47da769228722207aea7b8eedf31224", size = 51509, upload-time = "2025-10-12T10:48:47.03Z" },
    { url = "https://files.pythonhosted.org/packages/b7/3e/493ef8b7ce621b45f1be4505295fe604280918f67a01a28c82f9d0621a3f/rcssmin-1.2.2-cp313-cp313t-manylinux2014_aarch64.whl", hash = "sha256:228cc8d192ba4bd82305c085cbb5594d45d8dc6605d4eddc319543fb9f47b319", size = 52730, upload-time = "2025-10-12T10:48:48.13Z" },
    { url = "https://files.pythonhosted.org/packages/b2/90/77cf149fac7f247dac530a96beac7c52cea9fab928b5c3e2a45c6da86147/rcssmin-1.2.2-cp313-cp313t-musllinux_1_1_aarch64.whl", hash = "sha256:714390aac7c4cb611eecc845a5d9bb01495a3c9fccf9d8a2d6aa75a109276f7b", size = 54939, upload-time = "2025-10-12T10:48:49.423Z" },
    { url = "https://files.pythonhosted.org/packages/35/37/b8347b3a817b99eab9cc987f1090c7192d9d5f077fdc84c04d12f5186b87/rcssmin-1.2.2-cp313-cp313t-musllinux_1_1_i686.whl", hash = "sha256:64ec506fce7a3f1e993f4c4b55c7b3d9ad8259191cf20d986aa1d1a13e920fe8", size = 55108, upload-time = "2025-10-12T10:48:50.463Z" },
    { url = "https://files.pythonhosted.org/packages/5e/e1/fb555f831d5e5674a91444007434ba85b4ae98cfd97dd7bc9c2962c0f56b/rcssmin-1.2.2-cp313-cp313t-musllinux_1_1_x86_64.whl", hash = "sha256:742bb522d1efe0f1d362d81e00b5dc93ca2ddd1e435ed2d921cfa84fbb9f6887", size = 54858, upload-time = "2025-10-12T10:48:51.941Z" },
    { url = "https://files.pythonhosted.org/packages/a0/40/9c4cb3133f6d4ddfbeada76988a10ff2a974706fd6fcbb97edd8c0f4cc76/rcssmin-1.2.2-cp314-cp314-manylinux1_i686.whl", hash = "sha256:540dd3aa586b5f8f4c4b90db37e6a31c04718cdf90dbe9bec43c3b4dd50519e7", size = 49032, upload-time = "2025-10-12T10:48:53.014Z" },
    { url = "https://files.pythonhosted.org/packages/07/84/a411a48fd4179a88c68a2ad3649b408fa7887a421d3435c10ae6f5724e3a/rcssmin-1.2.2-cp314-cp314-manylinux1_x86_64.whl", hash = "sha256:6ea38a38eec263858b70bed6715478dcfed7fbc5d63333a8c512631ee22baad9", size = 49497, upload-time = "2025-10-12T10:48:54.009Z" },
    { url = "https://files.pythonhosted.org/packages/a1/32/5663a71a9304e0c9f33b765264508229d026359cfff746e1d0a593d809ea/rcssmin-1.2.2-cp314-cp314-manylinux2014_aarch64.whl", hash = "sha256:07dc7d352e8eb08de82fc4c545dd04f9f487466c8370051e0bee4eb1e4dc85d0", size = 50382, upload-time = "2025-10-12T10:48:55.079Z" },
    { url = "https://files.pythonhosted.org/packages/d7/28/e411eb191ffff7bd712f2eb0f691cb7ca514b1876d6bff2f5ae61359b8db/rcssmin-1.2.2-cp314-cp314-musllinux_1_2_aarch64.whl", hash = "sha256:cdccb0e08281f0dd5d463c16ec61a06bd1534de50206dc72918be3c10dcb82e5", size = 50962, upload-time = "2025-10-12T10:48:56.494Z" },
    { url = "https://files.pythonhosted.org/packages/fb/3f/cdb99526d294c5dd4b919dc4ef492b7bd11e08b585d15ec641dfb9423493/rcssmin-1.2.2-cp314-cp314-musllinux_1_2_i686.whl", hash = "sha256:2b6d5e2e2fd65738d57ef65aaaed2cff2288eccff7f704bf3d579e6f451cb60a", size = 52504, upload-time = "2025-10-12T10:48:57.886Z" },
    { url = "https://files.pythonhosted.org/packages/e8/60/a8183401fa64e93e1d52b2cdf275a2c11e0993f5f3162c573a67872b535d/rcssmin-1.2.2-cp314-cp314-musllinux_1_2_x86_64.whl", hash = "sha256:7018d4197713c7797d1a67ed47ab53d4706c2e9ed134123c30a47d389dda5386", size = 50561, upload-time = "2025-10-12T10:48:58.935Z" },
    { url = "https://files.pythonhosted.org/packages/47/5e/496d6c9c309e2fe79e6a69f25f7a6d18f545edb4ea3584f461b9f84b0d60/rcssmin-1.2.2-cp314-cp314t-manylinux1_i686.whl", hash = "sha256:0162c32ce946978edc834d4fba705ac5f9422d7f556f3264cc4fc67c7ee39171", size = 51214, upload-time = "2025-10-12T10:49:00.021Z" },
    { url = "https://files.pythonhosted.org/packages/5e/78/87da6706d5856ceee71421ba831d2f5d93c3e6865acfbb56ace8d54587cc/rcssmin-1.2.2-cp314-cp314t-manylinux1_x86_64.whl", hash = "sha256:f17dc92553a46412c49f972f0ab31088032b9482a9c421bc2d39691a5d8842aa", size = 51608, upload-time = "2025-10-12T10:49:01.422Z" },
    { url = "https://files.pythonhosted.org/packages/cd/6c/204b0262c11ac2da2b8df2d8fed76f1959273fbc8376450d0ac022d754b7/rcssmin-1.2.2-cp314-cp314t-manylinux2014_aarch64.whl", hash = "sha256:40c7dfba098bbd129d8c35dd8b604275585f9dc0496e5d17dbe7fd6b873b0233", size = 53349, upload-time = "2025-10-12T10:49:02.512Z" },
    { url = "https://files.pythonhosted.org/packages/c3/7b/9aae16756d3f33cbc512760ba3e69c3856a51aa293e463f2ca97760d1b1b/rcssmin-1.2.2-cp314-cp314t-musllinux_1_2_aarch64.whl", hash = "sha256:d0197fab78ebbe33f5df9caf2572ef2d44bbe243a9130881a0c5c53ba03641fa", size = 53066, upload-time = "2025-10-12T10:49:03.589Z" },
    { url = "https://files.pythonhosted.org/packages/4e/18/b06fadfa9b85e486bb1571050217cb539c062d1ae4cd32b1a31c36f67fd4/rcssmin-1.2.2-cp314-cp314t-musllinux_1_2_i686.whl", hash = "sha256:19e53c58768369366fdaef00da59f275f724f229994ea885309df6ca368ff3c8", size = 54271, upload-time = "2025-10-12T10:49:04.735Z" },
    { url = "https://files.pythonhosted.org/packages/79/55/f29ce21f8e5a1f3c19d43b67b907268d227b7edcda2ca200ca0028734a5e/rcssmin-1.2.2-cp314-cp314t-musllinux_1_2_x86_64.whl", hash = "sha256:8d3de1a870e00d157f3a7b1797498fdc09a3774629079572350f75783bb94b9a", size = 52423, upload-time = "2025-10-12T10:49:06.04Z" },
]

[[package]]
name = "soupsieve"
version = "2.6"
source = { registry = "https://pypi.org/simple" }
sdist = { url = "https://files.pythonhosted.org/packages/d7/ce/fbaeed4f9fb8b2daa961f90591662df6a86c1abf25c548329a86920aedfb/soupsieve-2.6.tar.gz", hash = "sha256:e2e68417777af359ec65daac1057404a3c8a5455bb8abc36f1a9866ab1a51abb", size = 101569, upload-time = "2024-08-13T13:39:12.166Z" }
wheels = [
    { url = "https://files.pythonhosted.org/packages/d1/c2/fe97d779f3ef3b15f05c94a2f1e3d21732574ed441687474db9d342a7315/soupsieve-2.6-py3-none-any.whl", hash = "sha256:e72c4ff06e4fb6e4b5a9f0f55fe6e81514581fca1515028625d0f299c602ccc9", size = 36186, upload-time = "2024-08-13T13:39:10.986Z" },
]

[[package]]
name = "typing-extensions"
version = "4.12.2"
source = { registry = "https://pypi.org/simple" }
sdist = { url = "https://files.pythonhosted.org/packages/df/db/f35a00659bc03fec321ba8bce9420de607a1d37f8342eee1863174c69557/typing_extensions-4.12.2.tar.gz", hash = "sha256:1a7ead55c7e559dd4dee8856e3a88b41225abfe1ce8df57b7c13915fe121ffb8", size = 85321, upload-time = "2024-06-07T18:52:15.995Z" }
wheels = [
    { url = "https://files.pythonhosted.org/packages/26/9f/ad63fc0248c5379346306f8668cda6e2e2e9c95e01216d2b8ffd9ff037d0/typing_extensions-4.12.2-py3-none-any.whl", hash = "sha256:04e5ca0351e0f3f85c6853954072df659d0d13fac324d0072316b67d7794700d", size = 37438, upload-time = "2024-06-07T18:52:13.582Z" },
]
